{
  "version": 4,
  "terraform_version": "1.3.7",
  "serial": 5,
  "lineage": "2237dc7a-1dc4-c643-c6cf-c0d27b0af8bb",
  "outputs": {},
  "resources": [
    {
      "mode": "managed",
      "type": "newrelic_alert_policy",
      "name": "alert_policy_name",
      "provider": "provider[\"registry.terraform.io/newrelic/newrelic\"]",
      "instances": [
        {
          "schema_version": 0,
          "attributes": {
            "account_id": 3933528,
            "channel_ids": null,
            "id": "4470230",
            "incident_preference": "PER_POLICY",
            "name": "Alert By Aman"
          },
          "sensitive_attributes": [],
          "private": "bnVsbA=="
        }
      ]
    },
    {
      "mode": "managed",
      "type": "newrelic_nrql_alert_condition",
      "name": "foo",
      "provider": "provider[\"registry.terraform.io/newrelic/newrelic\"]",
      "instances": [
        {
          "schema_version": 0,
          "attributes": {
            "account_id": 3933528,
            "aggregation_delay": "120",
            "aggregation_method": "event_flow",
            "aggregation_timer": null,
            "aggregation_window": 60,
            "baseline_direction": null,
            "close_violations_on_expiration": false,
            "critical": [
              {
                "duration": 0,
                "operator": "above",
                "threshold": 5.5,
                "threshold_duration": 300,
                "threshold_occurrences": "all",
                "time_function": ""
              }
            ],
            "description": "Alert when transactions are taking too long",
            "enabled": true,
            "entity_guid": "MzkzMzUyOHxBSU9QU3xDT05ESVRJT058MzM3MTYxMjc",
            "evaluation_delay": null,
            "expiration_duration": 0,
            "fill_option": "none",
            "fill_value": 0,
            "id": "4470230:33716127",
            "name": "foo",
            "nrql": [
              {
                "evaluation_offset": 0,
                "query": "SELECT average(host.cpuPercent) AS 'CPU used %' FROM Metric WHERE `entityGuid` = 'MzkzMzUyOHxJTkZSQXxOQXwyMjc2MjE3MDc2MTMwMzAzMTA'",
                "since_value": ""
              }
            ],
            "open_violation_on_expiration": false,
            "policy_id": 4470230,
            "runbook_url": "https://www.example.com",
            "slide_by": null,
            "term": [],
            "timeouts": null,
            "type": "static",
            "violation_time_limit": "ONE_HOUR",
            "violation_time_limit_seconds": 3600,
            "warning": []
          },
          "sensitive_attributes": [],
          "private": "eyJlMmJmYjczMC1lY2FhLTExZTYtOGY4OC0zNDM2M2JjN2M0YzAiOnsiY3JlYXRlIjozMDAwMDAwMDAwMH19",
          "dependencies": [
            "newrelic_alert_policy.alert_policy_name"
          ]
        }
      ]
    }
  ],
  "check_results": null
}
